// !$*UTF8*$!
{
	archiveVersion = 1;
	classes = {
	};
	objectVersion = 46;
	objects = {

/* Begin PBXBuildFile section */
		BF84A32B19F93A7C00AE30EF /* readMe.txt in Resources */ = {isa = PBXBuildFile; fileRef = BF84A32919F93A7C00AE30EF /* readMe.txt */; };
		BF84A32C19F93A7C00AE30EF /* TemplateIcon2x.png in Resources */ = {isa = PBXBuildFile; fileRef = BF84A32A19F93A7C00AE30EF /* TemplateIcon2x.png */; };
		BFBAA2DC19F92A85002F15B2 /* DevelopViewController.m in Sources */ = {isa = PBXBuildFile; fileRef = BFBAA2DB19F92A85002F15B2 /* DevelopViewController.m */; };
		BFCE805519F90CE7006B28B7 /* main.m in Sources */ = {isa = PBXBuildFile; fileRef = BFCE805419F90CE7006B28B7 /* main.m */; };
		BFCE805819F90CE7006B28B7 /* AppDelegate.m in Sources */ = {isa = PBXBuildFile; fileRef = BFCE805719F90CE7006B28B7 /* AppDelegate.m */; };
		BFCE805B19F90CE7006B28B7 /* Testing.xcdatamodeld in Sources */ = {isa = PBXBuildFile; fileRef = BFCE805919F90CE7006B28B7 /* Testing.xcdatamodeld */; };
		BFCE805E19F90CE7006B28B7 /* MasterViewController.m in Sources */ = {isa = PBXBuildFile; fileRef = BFCE805D19F90CE7006B28B7 /* MasterViewController.m */; };
		BFCE806119F90CE7006B28B7 /* DetailViewController.m in Sources */ = {isa = PBXBuildFile; fileRef = BFCE806019F90CE7006B28B7 /* DetailViewController.m */; };
		BFCE806419F90CE7006B28B7 /* Main.storyboard in Resources */ = {isa = PBXBuildFile; fileRef = BFCE806219F90CE7006B28B7 /* Main.storyboard */; };
		BFCE806619F90CE7006B28B7 /* Images.xcassets in Resources */ = {isa = PBXBuildFile; fileRef = BFCE806519F90CE7006B28B7 /* Images.xcassets */; };
		BFCE806919F90CE7006B28B7 /* LaunchScreen.xib in Resources */ = {isa = PBXBuildFile; fileRef = BFCE806719F90CE7006B28B7 /* LaunchScreen.xib */; };
		BFCE807519F90CE7006B28B7 /* TestingTests.m in Sources */ = {isa = PBXBuildFile; fileRef = BFCE807419F90CE7006B28B7 /* TestingTests.m */; };
		BFCE808619F91857006B28B7 /* ReleaseViewController.m in Sources */ = {isa = PBXBuildFile; fileRef = BFCE808419F91857006B28B7 /* ReleaseViewController.m */; };
		BFCE808719F91857006B28B7 /* ReleaseViewController.xib in Resources */ = {isa = PBXBuildFile; fileRef = BFCE808519F91857006B28B7 /* ReleaseViewController.xib */; };
/* End PBXBuildFile section */

/* Begin PBXContainerItemProxy section */
		BFCE806F19F90CE7006B28B7 /* PBXContainerItemProxy */ = {
			isa = PBXContainerItemProxy;
			containerPortal = BFCE804719F90CE7006B28B7 /* Project object */;
			proxyType = 1;
			remoteGlobalIDString = BFCE804E19F90CE7006B28B7;
			remoteInfo = Testing;
		};
/* End PBXContainerItemProxy section */

/* Begin PBXFileReference section */
		BF84A32919F93A7C00AE30EF /* readMe.txt */ = {isa = PBXFileReference; fileEncoding = 4; lastKnownFileType = text; path = readMe.txt; sourceTree = "<group>"; };
		BF84A32A19F93A7C00AE30EF /* TemplateIcon2x.png */ = {isa = PBXFileReference; lastKnownFileType = image.png; path = TemplateIcon2x.png; sourceTree = "<group>"; };
		BFBAA2DA19F92A85002F15B2 /* DevelopViewController.h */ = {isa = PBXFileReference; fileEncoding = 4; lastKnownFileType = sourcecode.c.h; path = DevelopViewController.h; sourceTree = "<group>"; };
		BFBAA2DB19F92A85002F15B2 /* DevelopViewController.m */ = {isa = PBXFileReference; fileEncoding = 4; lastKnownFileType = sourcecode.c.objc; path = DevelopViewController.m; sourceTree = "<group>"; };
		BFCE804F19F90CE7006B28B7 /* Testing.app */ = {isa = PBXFileReference; explicitFileType = wrapper.application; includeInIndex = 0; path = Testing.app; sourceTree = BUILT_PRODUCTS_DIR; };
		BFCE805319F90CE7006B28B7 /* Info.plist */ = {isa = PBXFileReference; lastKnownFileType = text.plist.xml; path = Info.plist; sourceTree = "<group>"; };
		BFCE805419F90CE7006B28B7 /* main.m */ = {isa = PBXFileReference; lastKnownFileType = sourcecode.c.objc; path = main.m; sourceTree = "<group>"; };
		BFCE805619F90CE7006B28B7 /* AppDelegate.h */ = {isa = PBXFileReference; lastKnownFileType = sourcecode.c.h; path = AppDelegate.h; sourceTree = "<group>"; };
		BFCE805719F90CE7006B28B7 /* AppDelegate.m */ = {isa = PBXFileReference; lastKnownFileType = sourcecode.c.objc; path = AppDelegate.m; sourceTree = "<group>"; };
		BFCE805A19F90CE7006B28B7 /* Testing.xcdatamodel */ = {isa = PBXFileReference; lastKnownFileType = wrapper.xcdatamodel; path = Testing.xcdatamodel; sourceTree = "<group>"; };
		BFCE805C19F90CE7006B28B7 /* MasterViewController.h */ = {isa = PBXFileReference; lastKnownFileType = sourcecode.c.h; path = MasterViewController.h; sourceTree = "<group>"; };
		BFCE805D19F90CE7006B28B7 /* MasterViewController.m */ = {isa = PBXFileReference; lastKnownFileType = sourcecode.c.objc; path = MasterViewController.m; sourceTree = "<group>"; };
		BFCE805F19F90CE7006B28B7 /* DetailViewController.h */ = {isa = PBXFileReference; lastKnownFileType = sourcecode.c.h; path = DetailViewController.h; sourceTree = "<group>"; };
		BFCE806019F90CE7006B28B7 /* DetailViewController.m */ = {isa = PBXFileReference; lastKnownFileType = sourcecode.c.objc; path = DetailViewController.m; sourceTree = "<group>"; };
		BFCE806319F90CE7006B28B7 /* Base */ = {isa = PBXFileReference; lastKnownFileType = file.storyboard; name = Base; path = Base.lproj/Main.storyboard; sourceTree = "<group>"; };
		BFCE806519F90CE7006B28B7 /* Images.xcassets */ = {isa = PBXFileReference; lastKnownFileType = folder.assetcatalog; path = Images.xcassets; sourceTree = "<group>"; };
		BFCE806819F90CE7006B28B7 /* Base */ = {isa = PBXFileReference; lastKnownFileType = file.xib; name = Base; path = Base.lproj/LaunchScreen.xib; sourceTree = "<group>"; };
		BFCE806E19F90CE7006B28B7 /* TestingTests.xctest */ = {isa = PBXFileReference; explicitFileType = wrapper.cfbundle; includeInIndex = 0; path = TestingTests.xctest; sourceTree = BUILT_PRODUCTS_DIR; };
		BFCE807319F90CE7006B28B7 /* Info.plist */ = {isa = PBXFileReference; lastKnownFileType = text.plist.xml; path = Info.plist; sourceTree = "<group>"; };
		BFCE807419F90CE7006B28B7 /* TestingTests.m */ = {isa = PBXFileReference; lastKnownFileType = sourcecode.c.objc; path = TestingTests.m; sourceTree = "<group>"; };
		BFCE808319F91857006B28B7 /* ReleaseViewController.h */ = {isa = PBXFileReference; fileEncoding = 4; lastKnownFileType = sourcecode.c.h; path = ReleaseViewController.h; sourceTree = "<group>"; };
		BFCE808419F91857006B28B7 /* ReleaseViewController.m */ = {isa = PBXFileReference; fileEncoding = 4; lastKnownFileType = sourcecode.c.objc; path = ReleaseViewController.m; sourceTree = "<group>"; };
		BFCE808519F91857006B28B7 /* ReleaseViewController.xib */ = {isa = PBXFileReference; fileEncoding = 4; lastKnownFileType = file.xib; path = ReleaseViewController.xib; sourceTree = "<group>"; };
/* End PBXFileReference section */

/* Begin PBXFrameworksBuildPhase section */
		BFCE804C19F90CE7006B28B7 /* Frameworks */ = {
			isa = PBXFrameworksBuildPhase;
			buildActionMask = 2147483647;
			files = (
			);
			runOnlyForDeploymentPostprocessing = 0;
		};
		BFCE806B19F90CE7006B28B7 /* Frameworks */ = {
			isa = PBXFrameworksBuildPhase;
			buildActionMask = 2147483647;
			files = (
			);
			runOnlyForDeploymentPostprocessing = 0;
		};
/* End PBXFrameworksBuildPhase section */

/* Begin PBXGroup section */
		BFCE804619F90CE7006B28B7 = {
			isa = PBXGroup;
			children = (
				BF84A32919F93A7C00AE30EF /* readMe.txt */,
				BF84A32A19F93A7C00AE30EF /* TemplateIcon2x.png */,
				BFCE805119F90CE7006B28B7 /* Testing */,
				BFCE807119F90CE7006B28B7 /* TestingTests */,
				BFCE805019F90CE7006B28B7 /* Products */,
			);
			sourceTree = "<group>";
		};
		BFCE805019F90CE7006B28B7 /* Products */ = {
			isa = PBXGroup;
			children = (
				BFCE804F19F90CE7006B28B7 /* Testing.app */,
				BFCE806E19F90CE7006B28B7 /* TestingTests.xctest */,
			);
			name = Products;
			sourceTree = "<group>";
		};
		BFCE805119F90CE7006B28B7 /* Testing */ = {
			isa = PBXGroup;
			children = (
				BFCE805619F90CE7006B28B7 /* AppDelegate.h */,
				BFCE805719F90CE7006B28B7 /* AppDelegate.m */,
				BFCE805C19F90CE7006B28B7 /* MasterViewController.h */,
				BFCE805D19F90CE7006B28B7 /* MasterViewController.m */,
				BFCE805F19F90CE7006B28B7 /* DetailViewController.h */,
				BFCE806019F90CE7006B28B7 /* DetailViewController.m */,
				BFCE806219F90CE7006B28B7 /* Main.storyboard */,
				BFCE806519F90CE7006B28B7 /* Images.xcassets */,
				BFCE806719F90CE7006B28B7 /* LaunchScreen.xib */,
				BFCE805919F90CE7006B28B7 /* Testing.xcdatamodeld */,
				BFCE805219F90CE7006B28B7 /* Supporting Files */,
				BFCE808319F91857006B28B7 /* ReleaseViewController.h */,
				BFCE808419F91857006B28B7 /* ReleaseViewController.m */,
				BFCE808519F91857006B28B7 /* ReleaseViewController.xib */,
				BFBAA2DA19F92A85002F15B2 /* DevelopViewController.h */,
				BFBAA2DB19F92A85002F15B2 /* DevelopViewController.m */,
			);
			path = Testing;
			sourceTree = "<group>";
		};
		BFCE805219F90CE7006B28B7 /* Supporting Files */ = {
			isa = PBXGroup;
			children = (
				BFCE805319F90CE7006B28B7 /* Info.plist */,
				BFCE805419F90CE7006B28B7 /* main.m */,
			);
			name = "Supporting Files";
			sourceTree = "<group>";
		};
		BFCE807119F90CE7006B28B7 /* TestingTests */ = {
			isa = PBXGroup;
			children = (
				BFCE807419F90CE7006B28B7 /* TestingTests.m */,
				BFCE807219F90CE7006B28B7 /* Supporting Files */,
			);
			path = TestingTests;
			sourceTree = "<group>";
		};
		BFCE807219F90CE7006B28B7 /* Supporting Files */ = {
			isa = PBXGroup;
			children = (
				BFCE807319F90CE7006B28B7 /* Info.plist */,
			);
			name = "Supporting Files";
			sourceTree = "<group>";
		};
/* End PBXGroup section */

/* Begin PBXNativeTarget section */
		BFCE804E19F90CE7006B28B7 /* Testing */ = {
			isa = PBXNativeTarget;
			buildConfigurationList = BFCE807819F90CE7006B28B7 /* Build configuration list for PBXNativeTarget "Testing" */;
			buildPhases = (
				BFCE804B19F90CE7006B28B7 /* Sources */,
				BFCE804C19F90CE7006B28B7 /* Frameworks */,
				BFCE804D19F90CE7006B28B7 /* Resources */,
			);
			buildRules = (
			);
			dependencies = (
			);
			name = Testing;
			productName = Testing;
			productReference = BFCE804F19F90CE7006B28B7 /* Testing.app */;
			productType = "com.apple.product-type.application";
		};
		BFCE806D19F90CE7006B28B7 /* TestingTests */ = {
			isa = PBXNativeTarget;
			buildConfigurationList = BFCE807B19F90CE7006B28B7 /* Build configuration list for PBXNativeTarget "TestingTests" */;
			buildPhases = (
				BFCE806A19F90CE7006B28B7 /* Sources */,
				BFCE806B19F90CE7006B28B7 /* Frameworks */,
				BFCE806C19F90CE7006B28B7 /* Resources */,
			);
			buildRules = (
			);
			dependencies = (
				BFCE807019F90CE7006B28B7 /* PBXTargetDependency */,
			);
			name = TestingTests;
			productName = TestingTests;
			productReference = BFCE806E19F90CE7006B28B7 /* TestingTests.xctest */;
			productType = "com.apple.product-type.bundle.unit-test";
		};
/* End PBXNativeTarget section */

/* Begin PBXProject section */
		BFCE804719F90CE7006B28B7 /* Project object */ = {
			isa = PBXProject;
			attributes = {
				LastUpgradeCheck = 0600;
				ORGANIZATIONNAME = Abu;
				TargetAttributes = {
					BFCE804E19F90CE7006B28B7 = {
						CreatedOnToolsVersion = 6.0;
					};
					BFCE806D19F90CE7006B28B7 = {
						CreatedOnToolsVersion = 6.0;
						TestTargetID = BFCE804E19F90CE7006B28B7;
					};
				};
			};
			buildConfigurationList = BFCE804A19F90CE7006B28B7 /* Build configuration list for PBXProject "Testing" */;
			compatibilityVersion = "Xcode 3.2";
			developmentRegion = English;
			hasScannedForEncodings = 0;
			knownRegions = (
				en,
				Base,
			);
			mainGroup = BFCE804619F90CE7006B28B7;
			productRefGroup = BFCE805019F90CE7006B28B7 /* Products */;
			projectDirPath = "";
			projectRoot = "";
			targets = (
				BFCE804E19F90CE7006B28B7 /* Testing */,
				BFCE806D19F90CE7006B28B7 /* TestingTests */,
			);
		};
/* End PBXProject section */

/* Begin PBXResourcesBuildPhase section */
		BFCE804D19F90CE7006B28B7 /* Resources */ = {
			isa = PBXResourcesBuildPhase;
			buildActionMask = 2147483647;
			files = (
				BF84A32B19F93A7C00AE30EF /* readMe.txt in Resources */,
				BFCE806419F90CE7006B28B7 /* Main.storyboard in Resources */,
				BF84A32C19F93A7C00AE30EF /* TemplateIcon2x.png in Resources */,
				BFCE806919F90CE7006B28B7 /* LaunchScreen.xib in Resources */,
				BFCE808719F91857006B28B7 /* ReleaseViewController.xib in Resources */,
				BFCE806619F90CE7006B28B7 /* Images.xcassets in Resources */,
			);
			runOnlyForDeploymentPostprocessing = 0;
		};
		BFCE806C19F90CE7006B28B7 /* Resources */ = {
			isa = PBXResourcesBuildPhase;
			buildActionMask = 2147483647;
			files = (
			);
			runOnlyForDeploymentPostprocessing = 0;
		};
/* End PBXResourcesBuildPhase section */

/* Begin PBXSourcesBuildPhase section */
		BFCE804B19F90CE7006B28B7 /* Sources */ = {
			isa = PBXSourcesBuildPhase;
			buildActionMask = 2147483647;
			files = (
				BFCE806119F90CE7006B28B7 /* DetailViewController.m in Sources */,
				BFCE805E19F90CE7006B28B7 /* MasterViewController.m in Sources */,
				BFCE808619F91857006B28B7 /* ReleaseViewController.m in Sources */,
				BFCE805819F90CE7006B28B7 /* AppDelegate.m in Sources */,
				BFCE805519F90CE7006B28B7 /* main.m in Sources */,
				BFBAA2DC19F92A85002F15B2 /* DevelopViewController.m in Sources */,
				BFCE805B19F90CE7006B28B7 /* Testing.xcdatamodeld in Sources */,
			);
			runOnlyForDeploymentPostprocessing = 0;
		};
		BFCE806A19F90CE7006B28B7 /* Sources */ = {
			isa = PBXSourcesBuildPhase;
			buildActionMask = 2147483647;
			files = (
				BFCE807519F90CE7006B28B7 /* TestingTests.m in Sources */,
			);
			runOnlyForDeploymentPostprocessing = 0;
		};
/* End PBXSourcesBuildPhase section */

/* Begin PBXTargetDependency section */
		BFCE807019F90CE7006B28B7 /* PBXTargetDependency */ = {
			isa = PBXTargetDependency;
			target = BFCE804E19F90CE7006B28B7 /* Testing */;
			targetProxy = BFCE806F19F90CE7006B28B7 /* PBXContainerItemProxy */;
		};
/* End PBXTargetDependency section */

/* Begin PBXVariantGroup section */
		BFCE806219F90CE7006B28B7 /* Main.storyboard */ = {
			isa = PBXVariantGroup;
			children = (
				BFCE806319F90CE7006B28B7 /* Base */,
			);
			name = Main.storyboard;
			sourceTree = "<group>";
		};
		BFCE806719F90CE7006B28B7 /* LaunchScreen.xib */ = {
			isa = PBXVariantGroup;
			children = (
				BFCE806819F90CE7006B28B7 /* Base */,
			);
			name = LaunchScreen.xib;
			sourceTree = "<group>";
		};
/* End PBXVariantGroup section */

/* Begin XCBuildConfiguration section */
		BFCE807619F90CE7006B28B7 /* Debug */ = {
			isa = XCBuildConfiguration;
			buildSettings = {
				ALWAYS_SEARCH_USER_PATHS = NO;
				CLANG_CXX_LANGUAGE_STANDARD = "gnu++0x";
				CLANG_CXX_LIBRARY = "libc++";
				CLANG_ENABLE_MODULES = YES;
				CLANG_ENABLE_OBJC_ARC = YES;
				CLANG_WARN_BOOL_CONVERSION = YES;
				CLANG_WARN_CONSTANT_CONVERSION = YES;
				CLANG_WARN_DIRECT_OBJC_ISA_USAGE = YES_ERROR;
				CLANG_WARN_EMPTY_BODY = YES;
				CLANG_WARN_ENUM_CONVERSION = YES;
				CLANG_WARN_INT_CONVERSION = YES;
				CLANG_WARN_OBJC_ROOT_CLASS = YES_ERROR;
				CLANG_WARN_UNREACHABLE_CODE = YES;
				CLANG_WARN__DUPLICATE_METHOD_MATCH = YES;
				"CODE_SIGN_IDENTITY[sdk=iphoneos*]" = "iPhone Developer";
				COPY_PHASE_STRIP = NO;
				ENABLE_STRICT_OBJC_MSGSEND = YES;
				GCC_C_LANGUAGE_STANDARD = gnu99;
				GCC_DYNAMIC_NO_PIC = NO;
				GCC_OPTIMIZATION_LEVEL = 0;
				GCC_PREPROCESSOR_DEFINITIONS = (
					"DEBUG=1",
					"$(inherited)",
				);
				GCC_SYMBOLS_PRIVATE_EXTERN = NO;
				GCC_WARN_64_TO_32_BIT_CONVERSION = YES;
				GCC_WARN_ABOUT_RETURN_TYPE = YES_ERROR;
				GCC_WARN_UNDECLARED_SELECTOR = YES;
				GCC_WARN_UNINITIALIZED_AUTOS = YES_AGGRESSIVE;
				GCC_WARN_UNUSED_FUNCTION = YES;
				GCC_WARN_UNUSED_VARIABLE = YES;
				IPHONEOS_DEPLOYMENT_TARGET = 8.0;
				MTL_ENABLE_DEBUG_INFO = YES;
				ONLY_ACTIVE_ARCH = YES;
				SDKROOT = iphoneos;
			};
			name = Debug;
		};
		BFCE807719F90CE7006B28B7 /* Release */ = {
			isa = XCBuildConfiguration;
			buildSettings = {
				ALWAYS_SEARCH_USER_PATHS = NO;
				CLANG_CXX_LANGUAGE_STANDARD = "gnu++0x";
				CLANG_CXX_LIBRARY = "libc++";
				CLANG_ENABLE_MODULES = YES;
				CLANG_ENABLE_OBJC_ARC = YES;
				CLANG_WARN_BOOL_CONVERSION = YES;
				CLANG_WARN_CONSTANT_CONVERSION = YES;
				CLANG_WARN_DIRECT_OBJC_ISA_USAGE = YES_ERROR;
				CLANG_WARN_EMPTY_BODY = YES;
				CLANG_WARN_ENUM_CONVERSION = YES;
				CLANG_WARN_INT_CONVERSION = YES;
				CLANG_WARN_OBJC_ROOT_CLASS = YES_ERROR;
				CLANG_WARN_UNREACHABLE_CODE = YES;
				CLANG_WARN__DUPLICATE_METHOD_MATCH = YES;
				"CODE_SIGN_IDENTITY[sdk=iphoneos*]" = "iPhone Developer";
				COPY_PHASE_STRIP = YES;
				ENABLE_NS_ASSERTIONS = NO;
				ENABLE_STRICT_OBJC_MSGSEND = YES;
				GCC_C_LANGUAGE_STANDARD = gnu99;
				GCC_WARN_64_TO_32_BIT_CONVERSION = YES;
				GCC_WARN_ABOUT_RETURN_TYPE = YES_ERROR;
				GCC_WARN_UNDECLARED_SELECTOR = YES;
				GCC_WARN_UNINITIALIZED_AUTOS = YES_AGGRESSIVE;
				GCC_WARN_UNUSED_FUNCTION = YES;
				GCC_WARN_UNUSED_VARIABLE = YES;
				IPHONEOS_DEPLOYMENT_TARGET = 8.0;
				MTL_ENABLE_DEBUG_INFO = NO;
				SDKROOT = iphoneos;
				VALIDATE_PRODUCT = YES;
			};
			name = Release;
		};
		BFCE807919F90CE7006B28B7 /* Debug */ = {
			isa = XCBuildConfiguration;
			buildSettings = {
				ASSETCATALOG_COMPILER_APPICON_NAME = AppIcon;
				INFOPLIST_FILE = Testing/Info.plist;
				IPHONEOS_DEPLOYMENT_TARGET = 7.0;
				LD_RUNPATH_SEARCH_PATHS = "$(inherited) @executable_path/Frameworks";
				PRODUCT_NAME = "$(TARGET_NAME)";
			};
			name = Debug;
		};
		BFCE807A19F90CE7006B28B7 /* Release */ = {
			isa = XCBuildConfiguration;
			buildSettings = {
				ASSETCATALOG_COMPILER_APPICON_NAME = AppIcon;
				INFOPLIST_FILE = Testing/Info.plist;
				IPHONEOS_DEPLOYMENT_TARGET = 7.0;
				LD_RUNPATH_SEARCH_PATHS = "$(inherited) @executable_path/Frameworks";
				PRODUCT_NAME = "$(TARGET_NAME)";
			};
			name = Release;
		};
		BFCE807C19F90CE7006B28B7 /* Debug */ = {
			isa = XCBuildConfiguration;
			buildSettings = {
				BUNDLE_LOADER = "$(TEST_HOST)";
				FRAMEWORK_SEARCH_PATHS = (
					"$(SDKROOT)/Developer/Library/Frameworks",
					"$(inherited)",
				);
				GCC_PREPROCESSOR_DEFINITIONS = (
					"DEBUG=1",
					"$(inherited)",
				);
				INFOPLIST_FILE = TestingTests/Info.plist;
				LD_RUNPATH_SEARCH_PATHS = "$(inherited) @executable_path/Frameworks @loader_path/Frameworks";
				PRODUCT_NAME = "$(TARGET_NAME)";
				TEST_HOST = "$(BUILT_PRODUCTS_DIR)/Testing.app/Testing";
			};
			name = Debug;
		};
		BFCE807D19F90CE7006B28B7 /* Release */ = {
			isa = XCBuildConfiguration;
			buildSettings = {
				BUNDLE_LOADER = "$(TEST_HOST)";
				FRAMEWORK_SEARCH_PATHS = (
					"$(SDKROOT)/Developer/Library/Frameworks",
					"$(inherited)",
				);
				INFOPLIST_FILE = TestingTests/Info.plist;
				LD_RUNPATH_SEARCH_PATHS = "$(inherited) @executable_path/Frameworks @loader_path/Frameworks";
				PRODUCT_NAME = "$(TARGET_NAME)";
				TEST_HOST = "$(BUILT_PRODUCTS_DIR)/Testing.app/Testing";
			};
			name = Release;
		};
/* End XCBuildConfiguration section */

/* Begin XCConfigurationList section */
		BFCE804A19F90CE7006B28B7 /* Build configuration list for PBXProject "Testing" */ = {
			isa = XCConfigurationList;
			buildConfigurations = (
				BFCE807619F90CE7006B28B7 /* Debug */,
				BFCE807719F90CE7006B28B7 /* Release */,
			);
			defaultConfigurationIsVisible = 0;
			defaultConfigurationName = Release;
		};
		BFCE807819F90CE7006B28B7 /* Build configuration list for PBXNativeTarget "Testing" */ = {
			isa = XCConfigurationList;
			buildConfigurations = (
				BFCE807919F90CE7006B28B7 /* Debug */,
				BFCE807A19F90CE7006B28B7 /* Release */,
			);
			defaultConfigurationIsVisible = 0;
			defaultConfigurationName = Release;
		};
		BFCE807B19F90CE7006B28B7 /* Build configuration list for PBXNativeTarget "TestingTests" */ = {
			isa = XCConfigurationList;
			buildConfigurations = (
				BFCE807C19F90CE7006B28B7 /* Debug */,
				BFCE807D19F90CE7006B28B7 /* Release */,
			);
			defaultConfigurationIsVisible = 0;
			defaultConfigurationName = Release;
		};
/* End XCConfigurationList section */

/* Begin XCVersionGroup section */
		BFCE805919F90CE7006B28B7 /* Testing.xcdatamodeld */ = {
			isa = XCVersionGroup;
			children = (
				BFCE805A19F90CE7006B28B7 /* Testing.xcdatamodel */,
			);
			currentVersion = BFCE805A19F90CE7006B28B7 /* Testing.xcdatamodel */;
			path = Testing.xcdatamodeld;
			sourceTree = "<group>";
			versionGroupType = wrapper.xcdatamodel;
		};
/* End XCVersionGroup section */
	};
	rootObject = BFCE804719F90CE7006B28B7 /* Project object */;
}
